{
  "name": "sol-components-angular",
  "version": "2.1.0",
  "lockfileVersion": 1,
  "requires": true,
  "dependencies": {
    "@angular/animations": {
      "version": "12.2.4",
      "resolved": "https://registry.npmjs.org/@angular/animations/-/animations-12.2.4.tgz",
      "integrity": "sha512-UpTddGkftkW/vOhF19Z6lbtvhUX+LpMw+1qC2miM65XNrOWBe5bojX9/9pwGd1CpP189aRFHl933YLCgVxGKPA==",
      "requires": {
        "tslib": "^2.2.0"
      }
    },
    "@angular/cdk": {
      "version": "12.2.4",
      "resolved": "https://registry.npmjs.org/@angular/cdk/-/cdk-12.2.4.tgz",
      "integrity": "sha512-XvdMWz2iJgcSD0fMM9I29i9/XV4/1MTqSPN+c5EIESLXhjhh4o6VFOsKcj4BfrJxO6tadqA0AdGA0AJfP+de/w==",
      "requires": {
        "parse5": "^5.0.0",
        "tslib": "^2.2.0"
      }
    },
    "@angular/common": {
      "version": "12.2.5",
      "resolved": "https://registry.npmjs.org/@angular/common/-/common-12.2.5.tgz",
      "integrity": "sha512-iwyaGPx7ILTJn91ed7VtYkvVRRezaZ0EE2V5DzVXwCsBQyzCrBYz/Uo2udVDsJ2FXXhpxa2VjnkW55Uxl9wM0g==",
      "requires": {
        "tslib": "^2.2.0"
      }
    },
    "@angular/core": {
      "version": "12.2.5",
      "resolved": "https://registry.npmjs.org/@angular/core/-/core-12.2.5.tgz",
      "integrity": "sha512-bwxxEy1UrV+hWzjT6ow/Ge8upebglJwlWuKadPdd3ZVrWKPI0saoUUBv4S8EGiIxyW821GfEbzWzmBYUSUCiGQ==",
      "requires": {
        "tslib": "^2.2.0"
      }
    },
    "@angular/forms": {
      "version": "12.2.4",
      "resolved": "https://registry.npmjs.org/@angular/forms/-/forms-12.2.4.tgz",
      "integrity": "sha512-o8z2c9WhlptcptonLj+dFkKqTqhc+RAbPIGIGisQpRi6FWgWfn75oXdIuqtHC7oNPDqQfH6zkwcgN2NlUC0uHA==",
      "requires": {
        "tslib": "^2.2.0"
      }
    },
    "@angular/material": {
      "version": "12.2.4",
      "resolved": "https://registry.npmjs.org/@angular/material/-/material-12.2.4.tgz",
      "integrity": "sha512-Hvo6QjUqzlq0OJBAKT0pUiKymCqGUunZi0HX+oL/iga5qVfU4OGSjxaGEuv5stBEDZ7PARaV1pd56X18HQRUew==",
      "requires": {
        "tslib": "^2.2.0"
      }
    },
    "@angular/platform-browser": {
      "version": "12.2.4",
      "resolved": "https://registry.npmjs.org/@angular/platform-browser/-/platform-browser-12.2.4.tgz",
      "integrity": "sha512-b5BZpYp4s+B3Ec+DvZo5I0YjHITqIc9pmcSdDFkN29eq9+8ZfkJqV9nB1aEab4Al7aJ09u8BhstTufohYH3fBg==",
      "requires": {
        "tslib": "^2.2.0"
      }
    },
    "ngx-mask": {
      "version": "12.0.0",
      "resolved": "https://registry.npmjs.org/ngx-mask/-/ngx-mask-12.0.0.tgz",
      "integrity": "sha512-q4vUjhjJfg4faRud/tUdCTOs3JA6B+rBB2OPZ2xBZy4LNTRKGfUK683LrDCitMVBezjEAVrkQdUT1I4C7LXBZQ==",
      "requires": {
        "tslib": "^2.1.0"
      }
    },
    "parse5": {
      "version": "5.1.1",
      "resolved": "https://registry.npmjs.org/parse5/-/parse5-5.1.1.tgz",
      "integrity": "sha512-ugq4DFI0Ptb+WWjAdOK16+u/nHfiIrcE+sh8kZMaM0WllQKLI9rOUq6c2b7cwPkXdzfQESqvoqK6ug7U/Yyzug==",
      "optional": true
    },
    "rxjs": {
      "version": "7.3.0",
      "resolved": "https://registry.npmjs.org/rxjs/-/rxjs-7.3.0.tgz",
      "integrity": "sha512-p2yuGIg9S1epc3vrjKf6iVb3RCaAYjYskkO+jHIaV0IjOPlJop4UnodOoFb2xeNwlguqLYvGw1b1McillYb5Gw==",
      "requires": {
        "tslib": "~2.1.0"
      },
      "dependencies": {
        "tslib": {
          "version": "2.1.0",
          "resolved": "https://registry.npmjs.org/tslib/-/tslib-2.1.0.tgz",
          "integrity": "sha512-hcVC3wYEziELGGmEEXue7D75zbwIIVUMWAVbHItGPx0ziyXxrOMQx4rQEVEV45Ut/1IotuEvwqPopzIOkDMf0A=="
        }
      }
    },
    "tslib": {
      "version": "2.3.1",
      "resolved": "https://registry.npmjs.org/tslib/-/tslib-2.3.1.tgz",
      "integrity": "sha512-77EbyPPpMz+FRFRuAFlWMtmgUWGe9UOG2Z25NqCwiIjRhOf5iKGuzSe5P2w1laq+FkRy4p+PCuVkJSGkzTEKVw=="
    },
    "typescript": {
      "version": "4.4.2",
      "resolved": "https://registry.npmjs.org/typescript/-/typescript-4.4.2.tgz",
      "integrity": "sha512-gzP+t5W4hdy4c+68bfcv0t400HVJMMd2+H9B7gae1nQlBzCqvrXX+6GL/b3GAgyTH966pzrZ70/fRjwAtZksSQ==",
      "dev": true
    }
  }
}
